<?xml version="1.0" encoding="utf-8"?>
<Project ToolsVersion="4.0" xmlns="http://schemas.microsoft.com/developer/msbuild/2003">
  <ItemGroup>
    <Filter Include="main">
      <UniqueIdentifier>{6529cd66-056b-4b0b-a730-8648226ffe0c}</UniqueIdentifier>
    </Filter>
    <Filter Include="minhook">
      <UniqueIdentifier>{d7c22e1d-b39a-4b6c-a679-a704a35b51b2}</UniqueIdentifier>
    </Filter>
    <Filter Include="hook">
      <UniqueIdentifier>{b86988df-e848-4806-914d-25a029120951}</UniqueIdentifier>
    </Filter>
  </ItemGroup>
  <ItemGroup>
    <ClCompile Include="main.cpp">
      <Filter>main</Filter>
    </ClCompile>
    <ClCompile Include="MinHook\buffer.c">
      <Filter>minhook</Filter>
    </ClCompile>
    <ClCompile Include="MinHook\hook.c">
      <Filter>minhook</Filter>
    </ClCompile>
    <ClCompile Include="MinHook\hde\hde64.c">
      <Filter>minhook</Filter>
    </ClCompile>
    <ClCompile Include="MinHook\trampoline.c">
      <Filter>minhook</Filter>
    </ClCompile>
    <ClCompile Include="MinHook\hde\hde32.c">
      <Filter>minhook</Filter>
    </ClCompile>
  </ItemGroup>
  <ItemGroup>
    <ClInclude Include="MinHook\hde\hde32.h">
      <Filter>minhook</Filter>
    </ClInclude>
    <ClInclude Include="MinHook\hde\hde64.h">
      <Filter>minhook</Filter>
    </ClInclude>
    <ClInclude Include="MinHook\MinHook.h">
      <Filter>minhook</Filter>
    </ClInclude>
    <ClInclude Include="MinHook\hde\pstdint.h">
      <Filter>minhook</Filter>
    </ClInclude>
    <ClInclude Include="MinHook\hde\table32.h">
      <Filter>minhook</Filter>
    </ClInclude>
    <ClInclude Include="MinHook\hde\table64.h">
      <Filter>minhook</Filter>
    </ClInclude>
    <ClInclude Include="MinHook\trampoline.h">
      <Filter>minhook</Filter>
    </ClInclude>
    <ClInclude Include="MinHook\buffer.h">
      <Filter>minhook</Filter>
    </ClInclude>
    <ClInclude Include="hook.h">
      <Filter>hook</Filter>
    </ClInclude>
    <ClInclude Include="hook.hpp">
      <Filter>hook</Filter>
    </ClInclude>
  </ItemGroup>
</Project>